
Microsoft Visual Studio Solution File, Format Version 12.00
# Visual Studio Version 16
VisualStudioVersion = 16.0.32002.261
MinimumVisualStudioVersion = 10.0.40219.1
Project("{FAE04EC0-301F-11D3-BF4B-00C04F79EFBC}") = "TechMan-saep", "TechMan-saep.csproj", "{C795E91E-3F14-45F1-BD69-02F3DAC32F2C}"
EndProject
Global
	GlobalSection(SolutionConfigurationPlatforms) = preSolution
		Debug|Any CPU = Debug|Any CPU
		Release|Any CPU = Release|Any CPU
	EndGlobalSection
	GlobalSection(ProjectConfigurationPlatforms) = postSolution
		{C795E91E-3F14-45F1-BD69-02F3DAC32F2C}.Debug|Any CPU.ActiveCfg = Debug|Any CPU
		{C795E91E-3F14-45F1-BD69-02F3DAC32F2C}.Debug|Any CPU.Build.0 = Debug|Any CPU
		{C795E91E-3F14-45F1-BD69-02F3DAC32F2C}.Release|Any CPU.ActiveCfg = Release|Any CPU
		{C795E91E-3F14-45F1-BD69-02F3DAC32F2C}.Release|Any CPU.Build.0 = Release|Any CPU
	EndGlobalSection
	GlobalSection(SolutionProperties) = preSolution
		HideSolutionNode = FALSE
	EndGlobalSection
	GlobalSection(ExtensibilityGlobals) = postSolution
		SolutionGuid = {640FB32D-AEB1-4BE7-A87B-0E690E17A5D0}
	EndGlobalSection
EndGlobal
